// !$*UTF8*$!
{
	archiveVersion = 1;
	classes = {
	};
	objectVersion = 77;
	objects = {

/* Begin PBXBuildFile section */
		0BB41F70B54F481DA2E85E71 /* FirebaseFirestore in Frameworks */ = {isa = PBXBuildFile; productRef = B732105E5D544D018E0BCBDD /* FirebaseFirestore */; };
		1A203A692FD9F00100975D51 /* SwiftTerm in Frameworks */ = {isa = PBXBuildFile; productRef = 1A203A6D2FD9F00100975D51 /* SwiftTerm */; };
		1A203A6A2FD9F00100975D51 /* Citadel in Frameworks */ = {isa = PBXBuildFile; productRef = 1A203A6E2FD9F00100975D51 /* Citadel */; };
		41A9DDBD0C1A481A825402F2 /* FirebaseAuth in Frameworks */ = {isa = PBXBuildFile; productRef = D1EE1AA539C94735BE90C284 /* FirebaseAuth */; };
		4BB532D5924346909A225F7F /* GoogleSignIn in Frameworks */ = {isa = PBXBuildFile; productRef = A882FE6272B54AF5934CEC76 /* GoogleSignIn */; };
		4CE3EC5A62F747D18A619B20 /* FirebaseCore in Frameworks */ = {isa = PBXBuildFile; productRef = CFD87B5002DD4B17856D2FC7 /* FirebaseCore */; };
/* End PBXBuildFile section */

/* Begin PBXContainerItemProxy section */
		1A203A4D2FD9E50200975D51 /* PBXContainerItemProxy */ = {
			isa = PBXContainerItemProxy;
			containerPortal = 1A203A352FD9E50000975D51 /* Project object */;
			proxyType = 1;
			remoteGlobalIDString = 1A203A3C2FD9E50000975D51;
			remoteInfo = TermPilot;
		};
		1A203A572FD9E50200975D51 /* PBXContainerItemProxy */ = {
			isa = PBXContainerItemProxy;
			containerPortal = 1A203A352FD9E50000975D51 /* Project object */;
			proxyType = 1;
			remoteGlobalIDString = 1A203A3C2FD9E50000975D51;
			remoteInfo = TermPilot;
		};
/* End PBXContainerItemProxy section */

/* Begin PBXFileReference section */
		1A203A3D2FD9E50000975D51 /* TermPilot.app */ = {isa = PBXFileReference; explicitFileType = wrapper.application; includeInIndex = 0; path = TermPilot.app; sourceTree = BUILT_PRODUCTS_DIR; };
		1A203A4C2FD9E50200975D51 /* TermPilotTests.xctest */ = {isa = PBXFileReference; explicitFileType = wrapper.cfbundle; includeInIndex = 0; path = TermPilotTests.xctest; sourceTree = BUILT_PRODUCTS_DIR; };
		1A203A562FD9E50200975D51 /* TermPilotUITests.xctest */ = {isa = PBXFileReference; explicitFileType = wrapper.cfbundle; includeInIndex = 0; path = TermPilotUITests.xctest; sourceTree = BUILT_PRODUCTS_DIR; };
		C0D3A0010000000000000001 /* AppConfig.xcconfig */ = {isa = PBXFileReference; lastKnownFileType = text.xcconfig; path = TermPilot/Config/AppConfig.xcconfig; sourceTree = SOURCE_ROOT; };
/* End PBXFileReference section */

/* Begin PBXFileSystemSynchronizedBuildFileExceptionSet section */
		ED8B02EEDDE948CB9C2ED457 /* Exceptions for "TermPilot" folder in "TermPilot" target */ = {
			isa = PBXFileSystemSynchronizedBuildFileExceptionSet;
			membershipExceptions = (
				Info.plist,
			);
			target = 1A203A3C2FD9E50000975D51 /* TermPilot */;
		};
/* End PBXFileSystemSynchronizedBuildFileExceptionSet section */

/* Begin PBXFileSystemSynchronizedRootGroup section */
		1A203A3F2FD9E50000975D51 /* TermPilot */ = {
			isa = PBXFileSystemSynchronizedRootGroup;
			exceptions = (
				ED8B02EEDDE948CB9C2ED457 /* Exceptions for "TermPilot" folder in "TermPilot" target */,
			);
			path = TermPilot;
			sourceTree = "<group>";
		};
		1A203A4F2FD9E50200975D51 /* TermPilotTests */ = {
			isa = PBXFileSystemSynchronizedRootGroup;
			path = TermPilotTests;
			sourceTree = "<group>";
		};
		1A203A592FD9E50200975D51 /* TermPilotUITests */ = {
			isa = PBXFileSystemSynchronizedRootGroup;
			path = TermPilotUITests;
			sourceTree = "<group>";
		};
/* End PBXFileSystemSynchronizedRootGroup section */

/* Begin PBXFrameworksBuildPhase section */
		1A203A3A2FD9E50000975D51 /* Frameworks */ = {
			isa = PBXFrameworksBuildPhase;
			buildActionMask = 2147483647;
			files = (
				1A203A692FD9F00100975D51 /* SwiftTerm in Frameworks */,
				1A203A6A2FD9F00100975D51 /* Citadel in Frameworks */,
				4CE3EC5A62F747D18A619B20 /* FirebaseCore in Frameworks */,
				41A9DDBD0C1A481A825402F2 /* FirebaseAuth in Frameworks */,
				0BB41F70B54F481DA2E85E71 /* FirebaseFirestore in Frameworks */,
				4BB532D5924346909A225F7F /* GoogleSignIn in Frameworks */,
			);
			runOnlyForDeploymentPostprocessing = 0;
		};
		1A203A492FD9E50200975D51 /* Frameworks */ = {
			isa = PBXFrameworksBuildPhase;
			buildActionMask = 2147483647;
			files = (
			);
			runOnlyForDeploymentPostprocessing = 0;
		};
		1A203A532FD9E50200975D51 /* Frameworks */ = {
			isa = PBXFrameworksBuildPhase;
			buildActionMask = 2147483647;
			files = (
			);
			runOnlyForDeploymentPostprocessing = 0;
		};
/* End PBXFrameworksBuildPhase section */

/* Begin PBXGroup section */
		1A203A342FD9E50000975D51 = {
			isa = PBXGroup;
			children = (
				1A203A3F2FD9E50000975D51 /* TermPilot */,
				1A203A4F2FD9E50200975D51 /* TermPilotTests */,
				1A203A592FD9E50200975D51 /* TermPilotUITests */,
				1A203A3E2FD9E50000975D51 /* Products */,
			);
			sourceTree = "<group>";
		};
		1A203A3E2FD9E50000975D51 /* Products */ = {
			isa = PBXGroup;
			children = (
				1A203A3D2FD9E50000975D51 /* TermPilot.app */,
				1A203A4C2FD9E50200975D51 /* TermPilotTests.xctest */,
				1A203A562FD9E50200975D51 /* TermPilotUITests.xctest */,
			);
			name = Products;
			sourceTree = "<group>";
		};
/* End PBXGroup section */

/* Begin PBXNativeTarget section */
		1A203A3C2FD9E50000975D51 /* TermPilot */ = {
			isa = PBXNativeTarget;
			buildConfigurationList = 1A203A602FD9E50200975D51 /* Build configuration list for PBXNativeTarget "TermPilot" */;
			buildPhases = (
				1A203A392FD9E50000975D51 /* Sources */,
				1A203A3A2FD9E50000975D51 /* Frameworks */,
				1A203A3B2FD9E50000975D51 /* Resources */,
			);
			buildRules = (
			);
			dependencies = (
			);
			fileSystemSynchronizedGroups = (
				1A203A3F2FD9E50000975D51 /* TermPilot */,
			);
			name = TermPilot;
			packageProductDependencies = (
				1A203A6D2FD9F00100975D51 /* SwiftTerm */,
				1A203A6E2FD9F00100975D51 /* Citadel */,
				CFD87B5002DD4B17856D2FC7 /* FirebaseCore */,
				D1EE1AA539C94735BE90C284 /* FirebaseAuth */,
				B732105E5D544D018E0BCBDD /* FirebaseFirestore */,
				A882FE6272B54AF5934CEC76 /* GoogleSignIn */,
			);
			productName = TermPilot;
			productReference = 1A203A3D2FD9E50000975D51 /* TermPilot.app */;
			productType = "com.apple.product-type.application";
		};
		1A203A4B2FD9E50200975D51 /* TermPilotTests */ = {
			isa = PBXNativeTarget;
			buildConfigurationList = 1A203A632FD9E50200975D51 /* Build configuration list for PBXNativeTarget "TermPilotTests" */;
			buildPhases = (
				1A203A482FD9E50200975D51 /* Sources */,
				1A203A492FD9E50200975D51 /* Frameworks */,
				1A203A4A2FD9E50200975D51 /* Resources */,
			);
			buildRules = (
			);
			dependencies = (
				1A203A4E2FD9E50200975D51 /* PBXTargetDependency */,
			);
			fileSystemSynchronizedGroups = (
				1A203A4F2FD9E50200975D51 /* TermPilotTests */,
			);
			name = TermPilotTests;
			packageProductDependencies = (
			);
			productName = TermPilotTests;
			productReference = 1A203A4C2FD9E50200975D51 /* TermPilotTests.xctest */;
			productType = "com.apple.product-type.bundle.unit-test";
		};
		1A203A552FD9E50200975D51 /* TermPilotUITests */ = {
			isa = PBXNativeTarget;
			buildConfigurationList = 1A203A662FD9E50200975D51 /* Build configuration list for PBXNativeTarget "TermPilotUITests" */;
			buildPhases = (
				1A203A522FD9E50200975D51 /* Sources */,
				1A203A532FD9E50200975D51 /* Frameworks */,
				1A203A542FD9E50200975D51 /* Resources */,
			);
			buildRules = (
			);
			dependencies = (
				1A203A582FD9E50200975D51 /* PBXTargetDependency */,
			);
			fileSystemSynchronizedGroups = (
				1A203A592FD9E50200975D51 /* TermPilotUITests */,
			);
			name = TermPilotUITests;
			packageProductDependencies = (
			);
			productName = TermPilotUITests;
			productReference = 1A203A562FD9E50200975D51 /* TermPilotUITests.xctest */;
			productType = "com.apple.product-type.bundle.ui-testing";
		};
/* End PBXNativeTarget section */

/* Begin PBXProject section */
		1A203A352FD9E50000975D51 /* Project object */ = {
			isa = PBXProject;
			attributes = {
				BuildIndependentTargetsInParallel = 1;
				LastSwiftUpdateCheck = 2640;
				LastUpgradeCheck = 2640;
				TargetAttributes = {
					1A203A3C2FD9E50000975D51 = {
						CreatedOnToolsVersion = 26.4.1;
					};
					1A203A4B2FD9E50200975D51 = {
						CreatedOnToolsVersion = 26.4.1;
						TestTargetID = 1A203A3C2FD9E50000975D51;
					};
					1A203A552FD9E50200975D51 = {
						CreatedOnToolsVersion = 26.4.1;
						TestTargetID = 1A203A3C2FD9E50000975D51;
					};
				};
			};
			buildConfigurationList = 1A203A382FD9E50000975D51 /* Build configuration list for PBXProject "TermPilot" */;
			developmentRegion = en;
			hasScannedForEncodings = 0;
			knownRegions = (
				en,
				Base,
			);
			mainGroup = 1A203A342FD9E50000975D51;
			minimizedProjectReferenceProxies = 1;
			packageReferences = (
				1A203A6B2FD9F00100975D51 /* XCRemoteSwiftPackageReference "SwiftTerm" */,
				1A203A6C2FD9F00100975D51 /* XCRemoteSwiftPackageReference "Citadel" */,
				60E8A539612749949F671CC6 /* XCRemoteSwiftPackageReference "firebase-ios-sdk" */,
				AC696454C9384112AE3A092E /* XCRemoteSwiftPackageReference "GoogleSignIn-iOS" */,
			);
			preferredProjectObjectVersion = 77;
			productRefGroup = 1A203A3E2FD9E50000975D51 /* Products */;
			projectDirPath = "";
			projectRoot = "";
			targets = (
				1A203A3C2FD9E50000975D51 /* TermPilot */,
				1A203A4B2FD9E50200975D51 /* TermPilotTests */,
				1A203A552FD9E50200975D51 /* TermPilotUITests */,
			);
		};
/* End PBXProject section */

/* Begin PBXResourcesBuildPhase section */
		1A203A3B2FD9E50000975D51 /* Resources */ = {
			isa = PBXResourcesBuildPhase;
			buildActionMask = 2147483647;
			files = (
			);
			runOnlyForDeploymentPostprocessing = 0;
		};
		1A203A4A2FD9E50200975D51 /* Resources */ = {
			isa = PBXResourcesBuildPhase;
			buildActionMask = 2147483647;
			files = (
			);
			runOnlyForDeploymentPostprocessing = 0;
		};
		1A203A542FD9E50200975D51 /* Resources */ = {
			isa = PBXResourcesBuildPhase;
			buildActionMask = 2147483647;
			files = (
			);
			runOnlyForDeploymentPostprocessing = 0;
		};
/* End PBXResourcesBuildPhase section */

/* Begin PBXSourcesBuildPhase section */
		1A203A392FD9E50000975D51 /* Sources */ = {
			isa = PBXSourcesBuildPhase;
			buildActionMask = 2147483647;
			files = (
			);
			runOnlyForDeploymentPostprocessing = 0;
		};
		1A203A482FD9E50200975D51 /* Sources */ = {
			isa = PBXSourcesBuildPhase;
			buildActionMask = 2147483647;
			files = (
			);
			runOnlyForDeploymentPostprocessing = 0;
		};
		1A203A522FD9E50200975D51 /* Sources */ = {
			isa = PBXSourcesBuildPhase;
			buildActionMask = 2147483647;
			files = (
			);
			runOnlyForDeploymentPostprocessing = 0;
		};
/* End PBXSourcesBuildPhase section */

/* Begin PBXTargetDependency section */
		1A203A4E2FD9E50200975D51 /* PBXTargetDependency */ = {
			isa = PBXTargetDependency;
			target = 1A203A3C2FD9E50000975D51 /* TermPilot */;
			targetProxy = 1A203A4D2FD9E50200975D51 /* PBXContainerItemProxy */;
		};
		1A203A582FD9E50200975D51 /* PBXTargetDependency */ = {
			isa = PBXTargetDependency;
			target = 1A203A3C2FD9E50000975D51 /* TermPilot */;
			targetProxy = 1A203A572FD9E50200975D51 /* PBXContainerItemProxy */;
		};
/* End PBXTargetDependency section */

/* Begin XCBuildConfiguration section */
		1A203A5E2FD9E50200975D51 /* Debug */ = {
			isa = XCBuildConfiguration;
			buildSettings = {
				ALWAYS_SEARCH_USER_PATHS = NO;
				ASSETCATALOG_COMPILER_GENERATE_SWIFT_ASSET_SYMBOL_EXTENSIONS = YES;
				CLANG_ANALYZER_NONNULL = YES;
				CLANG_ANALYZER_NUMBER_OBJECT_CONVERSION = YES_AGGRESSIVE;
				CLANG_CXX_LANGUAGE_STANDARD = "gnu++20";
				CLANG_ENABLE_MODULES = YES;
				CLANG_ENABLE_OBJC_ARC = YES;
				CLANG_ENABLE_OBJC_WEAK = YES;
				CLANG_WARN_BLOCK_CAPTURE_AUTORELEASING = YES;
				CLANG_WARN_BOOL_CONVERSION = YES;
				CLANG_WARN_COMMA = YES;
				CLANG_WARN_CONSTANT_CONVERSION = YES;
				CLANG_WARN_DEPRECATED_OBJC_IMPLEMENTATIONS = YES;
				CLANG_WARN_DIRECT_OBJC_ISA_USAGE = YES_ERROR;
				CLANG_WARN_DOCUMENTATION_COMMENTS = YES;
				CLANG_WARN_EMPTY_BODY = YES;
				CLANG_WARN_ENUM_CONVERSION = YES;
				CLANG_WARN_INFINITE_RECURSION = YES;
				CLANG_WARN_INT_CONVERSION = YES;
				CLANG_WARN_NON_LITERAL_NULL_CONVERSION = YES;
				CLANG_WARN_OBJC_IMPLICIT_RETAIN_SELF = YES;
				CLANG_WARN_OBJC_LITERAL_CONVERSION = YES;
				CLANG_WARN_OBJC_ROOT_CLASS = YES_ERROR;
				CLANG_WARN_QUOTED_INCLUDE_IN_FRAMEWORK_HEADER = YES;
				CLANG_WARN_RANGE_LOOP_ANALYSIS = YES;
				CLANG_WARN_STRICT_PROTOTYPES = YES;
				CLANG_WARN_SUSPICIOUS_MOVE = YES;
				CLANG_WARN_UNGUARDED_AVAILABILITY = YES_AGGRESSIVE;
				CLANG_WARN_UNREACHABLE_CODE = YES;
				CLANG_WARN__DUPLICATE_METHOD_MATCH = YES;
				COPY_PHASE_STRIP = NO;
				DEBUG_INFORMATION_FORMAT = dwarf;
				DEVELOPMENT_TEAM = M6C68NXUAG;
				ENABLE_STRICT_OBJC_MSGSEND = YES;
				ENABLE_TESTABILITY = YES;
				ENABLE_USER_SCRIPT_SANDBOXING = YES;
				GCC_C_LANGUAGE_STANDARD = gnu17;
				GCC_DYNAMIC_NO_PIC = NO;
				GCC_NO_COMMON_BLOCKS = YES;
				GCC_OPTIMIZATION_LEVEL = 0;
				GCC_PREPROCESSOR_DEFINITIONS = (
					"DEBUG=1",
					"$(inherited)",
				);
				GCC_WARN_64_TO_32_BIT_CONVERSION = YES;
				GCC_WARN_ABOUT_RETURN_TYPE = YES_ERROR;
				GCC_WARN_UNDECLARED_SELECTOR = YES;
				GCC_WARN_UNINITIALIZED_AUTOS = YES_AGGRESSIVE;
				GCC_WARN_UNUSED_FUNCTION = YES;
				GCC_WARN_UNUSED_VARIABLE = YES;
				IPHONEOS_DEPLOYMENT_TARGET = 26.4;
				LOCALIZATION_PREFERS_STRING_CATALOGS = YES;
				MTL_ENABLE_DEBUG_INFO = INCLUDE_SOURCE;
				MTL_FAST_MATH = YES;
				ONLY_ACTIVE_ARCH = YES;
				SDKROOT = iphoneos;
				SWIFT_ACTIVE_COMPILATION_CONDITIONS = "DEBUG $(inherited)";
				SWIFT_OPTIMIZATION_LEVEL = "-Onone";
			};
			name = Debug;
		};
		1A203A5F2FD9E50200975D51 /* Release */ = {
			isa = XCBuildConfiguration;
			buildSettings = {
				ALWAYS_SEARCH_USER_PATHS = NO;
				ASSETCATALOG_COMPILER_GENERATE_SWIFT_ASSET_SYMBOL_EXTENSIONS = YES;
				CLANG_ANALYZER_NONNULL = YES;
				CLANG_ANALYZER_NUMBER_OBJECT_CONVERSION = YES_AGGRESSIVE;
				CLANG_CXX_LANGUAGE_STANDARD = "gnu++20";
				CLANG_ENABLE_MODULES = YES;
				CLANG_ENABLE_OBJC_ARC = YES;
				CLANG_ENABLE_OBJC_WEAK = YES;
				CLANG_WARN_BLOCK_CAPTURE_AUTORELEASING = YES;
				CLANG_WARN_BOOL_CONVERSION = YES;
				CLANG_WARN_COMMA = YES;
				CLANG_WARN_CONSTANT_CONVERSION = YES;
				CLANG_WARN_DEPRECATED_OBJC_IMPLEMENTATIONS = YES;
				CLANG_WARN_DIRECT_OBJC_ISA_USAGE = YES_ERROR;
				CLANG_WARN_DOCUMENTATION_COMMENTS = YES;
				CLANG_WARN_EMPTY_BODY = YES;
				CLANG_WARN_ENUM_CONVERSION = YES;
				CLANG_WARN_INFINITE_RECURSION = YES;
				CLANG_WARN_INT_CONVERSION = YES;
				CLANG_WARN_NON_LITERAL_NULL_CONVERSION = YES;
				CLANG_WARN_OBJC_IMPLICIT_RETAIN_SELF = YES;
				CLANG_WARN_OBJC_LITERAL_CONVERSION = YES;
				CLANG_WARN_OBJC_ROOT_CLASS = YES_ERROR;
				CLANG_WARN_QUOTED_INCLUDE_IN_FRAMEWORK_HEADER = YES;
				CLANG_WARN_RANGE_LOOP_ANALYSIS = YES;
				CLANG_WARN_STRICT_PROTOTYPES = YES;
				CLANG_WARN_SUSPICIOUS_MOVE = YES;
				CLANG_WARN_UNGUARDED_AVAILABILITY = YES_AGGRESSIVE;
				CLANG_WARN_UNREACHABLE_CODE = YES;
				CLANG_WARN__DUPLICATE_METHOD_MATCH = YES;
				COPY_PHASE_STRIP = NO;
				DEBUG_INFORMATION_FORMAT = "dwarf-with-dsym";
				DEVELOPMENT_TEAM = M6C68NXUAG;
				ENABLE_NS_ASSERTIONS = NO;
				ENABLE_STRICT_OBJC_MSGSEND = YES;
				ENABLE_USER_SCRIPT_SANDBOXING = YES;
				GCC_C_LANGUAGE_STANDARD = gnu17;
				GCC_NO_COMMON_BLOCKS = YES;
				GCC_WARN_64_TO_32_BIT_CONVERSION = YES;
				GCC_WARN_ABOUT_RETURN_TYPE = YES_ERROR;
				GCC_WARN_UNDECLARED_SELECTOR = YES;
				GCC_WARN_UNINITIALIZED_AUTOS = YES_AGGRESSIVE;
				GCC_WARN_UNUSED_FUNCTION = YES;
				GCC_WARN_UNUSED_VARIABLE = YES;
				IPHONEOS_DEPLOYMENT_TARGET = 26.4;
				LOCALIZATION_PREFERS_STRING_CATALOGS = YES;
				MTL_ENABLE_DEBUG_INFO = NO;
				MTL_FAST_MATH = YES;
				SDKROOT = iphoneos;
				SWIFT_COMPILATION_MODE = wholemodule;
				VALIDATE_PRODUCT = YES;
			};
			name = Release;
		};
		1A203A612FD9E50200975D51 /* Debug */ = {
			isa = XCBuildConfiguration;
			baseConfigurationReference = C0D3A0010000000000000001 /* AppConfig.xcconfig */;
			buildSettings = {
				ASSETCATALOG_COMPILER_APPICON_NAME = AppIcon;
				ASSETCATALOG_COMPILER_GLOBAL_ACCENT_COLOR_NAME = AccentColor;
				CODE_SIGN_STYLE = Automatic;
				CURRENT_PROJECT_VERSION = 1;
				DEVELOPMENT_TEAM = M6C68NXUAG;
				ENABLE_DEBUG_DYLIB = NO;
				ENABLE_PREVIEWS = YES;
				GENERATE_INFOPLIST_FILE = NO;
				INFOPLIST_FILE = TermPilot/Info.plist;
				LD_RUNPATH_SEARCH_PATHS = (
					"$(inherited)",
					"@executable_path/Frameworks",
				);
				MARKETING_VERSION = 1.0;
				PRODUCT_BUNDLE_IDENTIFIER = ttest.TermPilot;
				PRODUCT_NAME = "$(TARGET_NAME)";
				STRING_CATALOG_GENERATE_SYMBOLS = YES;
				SWIFT_APPROACHABLE_CONCURRENCY = YES;
				SWIFT_DEFAULT_ACTOR_ISOLATION = MainActor;
				SWIFT_EMIT_LOC_STRINGS = YES;
				SWIFT_UPCOMING_FEATURE_MEMBER_IMPORT_VISIBILITY = YES;
				SWIFT_VERSION = 5.0;
				TARGETED_DEVICE_FAMILY = "1,2";
			};
			name = Debug;
		};
		1A203A622FD9E50200975D51 /* Release */ = {
			isa = XCBuildConfiguration;
			baseConfigurationReference = C0D3A0010000000000000001 /* AppConfig.xcconfig */;
			buildSettings = {
				ASSETCATALOG_COMPILER_APPICON_NAME = AppIcon;
				ASSETCATALOG_COMPILER_GLOBAL_ACCENT_COLOR_NAME = AccentColor;
				CODE_SIGN_STYLE = Automatic;
				CURRENT_PROJECT_VERSION = 1;
				DEVELOPMENT_TEAM = M6C68NXUAG;
				ENABLE_PREVIEWS = YES;
				GENERATE_INFOPLIST_FILE = NO;
				INFOPLIST_FILE = TermPilot/Info.plist;
				LD_RUNPATH_SEARCH_PATHS = (
					"$(inherited)",
					"@executable_path/Frameworks",
				);
				MARKETING_VERSION = 1.0;
				PRODUCT_BUNDLE_IDENTIFIER = ttest.TermPilot;
				PRODUCT_NAME = "$(TARGET_NAME)";
				STRING_CATALOG_GENERATE_SYMBOLS = YES;
				SWIFT_APPROACHABLE_CONCURRENCY = YES;
				SWIFT_DEFAULT_ACTOR_ISOLATION = MainActor;
				SWIFT_EMIT_LOC_STRINGS = YES;
				SWIFT_UPCOMING_FEATURE_MEMBER_IMPORT_VISIBILITY = YES;
				SWIFT_VERSION = 5.0;
				TARGETED_DEVICE_FAMILY = "1,2";
			};
			name = Release;
		};
		1A203A642FD9E50200975D51 /* Debug */ = {
			isa = XCBuildConfiguration;
			buildSettings = {
				BUNDLE_LOADER = "$(TEST_HOST)";
				CODE_SIGN_STYLE = Automatic;
				CURRENT_PROJECT_VERSION = 1;
				DEVELOPMENT_TEAM = M6C68NXUAG;
				GENERATE_INFOPLIST_FILE = YES;
				IPHONEOS_DEPLOYMENT_TARGET = 26.4;
				MARKETING_VERSION = 1.0;
				PRODUCT_BUNDLE_IDENTIFIER = ttest.TermPilotTests;
				PRODUCT_NAME = "$(TARGET_NAME)";
				STRING_CATALOG_GENERATE_SYMBOLS = NO;
				SWIFT_APPROACHABLE_CONCURRENCY = YES;
				SWIFT_EMIT_LOC_STRINGS = NO;
				SWIFT_UPCOMING_FEATURE_MEMBER_IMPORT_VISIBILITY = YES;
				SWIFT_VERSION = 5.0;
				TARGETED_DEVICE_FAMILY = "1,2";
				TEST_HOST = "$(BUILT_PRODUCTS_DIR)/TermPilot.app/$(BUNDLE_EXECUTABLE_FOLDER_PATH)/TermPilot";
			};
			name = Debug;
		};
		1A203A652FD9E50200975D51 /* Release */ = {
			isa = XCBuildConfiguration;
			buildSettings = {
				BUNDLE_LOADER = "$(TEST_HOST)";
				CODE_SIGN_STYLE = Automatic;
				CURRENT_PROJECT_VERSION = 1;
				DEVELOPMENT_TEAM = M6C68NXUAG;
				GENERATE_INFOPLIST_FILE = YES;
				IPHONEOS_DEPLOYMENT_TARGET = 26.4;
				MARKETING_VERSION = 1.0;
				PRODUCT_BUNDLE_IDENTIFIER = ttest.TermPilotTests;
				PRODUCT_NAME = "$(TARGET_NAME)";
				STRING_CATALOG_GENERATE_SYMBOLS = NO;
				SWIFT_APPROACHABLE_CONCURRENCY = YES;
				SWIFT_EMIT_LOC_STRINGS = NO;
				SWIFT_UPCOMING_FEATURE_MEMBER_IMPORT_VISIBILITY = YES;
				SWIFT_VERSION = 5.0;
				TARGETED_DEVICE_FAMILY = "1,2";
				TEST_HOST = "$(BUILT_PRODUCTS_DIR)/TermPilot.app/$(BUNDLE_EXECUTABLE_FOLDER_PATH)/TermPilot";
			};
			name = Release;
		};
		1A203A672FD9E50200975D51 /* Debug */ = {
			isa = XCBuildConfiguration;
			buildSettings = {
				CODE_SIGN_STYLE = Automatic;
				CURRENT_PROJECT_VERSION = 1;
				DEVELOPMENT_TEAM = M6C68NXUAG;
				GENERATE_INFOPLIST_FILE = YES;
				MARKETING_VERSION = 1.0;
				PRODUCT_BUNDLE_IDENTIFIER = ttest.TermPilotUITests;
				PRODUCT_NAME = "$(TARGET_NAME)";
				STRING_CATALOG_GENERATE_SYMBOLS = NO;
				SWIFT_APPROACHABLE_CONCURRENCY = YES;
				SWIFT_EMIT_LOC_STRINGS = NO;
				SWIFT_UPCOMING_FEATURE_MEMBER_IMPORT_VISIBILITY = YES;
				SWIFT_VERSION = 5.0;
				TARGETED_DEVICE_FAMILY = "1,2";
				TEST_TARGET_NAME = TermPilot;
			};
			name = Debug;
		};
		1A203A682FD9E50200975D51 /* Release */ = {
			isa = XCBuildConfiguration;
			buildSettings = {
				CODE_SIGN_STYLE = Automatic;
				CURRENT_PROJECT_VERSION = 1;
				DEVELOPMENT_TEAM = M6C68NXUAG;
				GENERATE_INFOPLIST_FILE = YES;
				MARKETING_VERSION = 1.0;
				PRODUCT_BUNDLE_IDENTIFIER = ttest.TermPilotUITests;
				PRODUCT_NAME = "$(TARGET_NAME)";
				STRING_CATALOG_GENERATE_SYMBOLS = NO;
				SWIFT_APPROACHABLE_CONCURRENCY = YES;
				SWIFT_EMIT_LOC_STRINGS = NO;
				SWIFT_UPCOMING_FEATURE_MEMBER_IMPORT_VISIBILITY = YES;
				SWIFT_VERSION = 5.0;
				TARGETED_DEVICE_FAMILY = "1,2";
				TEST_TARGET_NAME = TermPilot;
			};
			name = Release;
		};
/* End XCBuildConfiguration section */

/* Begin XCConfigurationList section */
		1A203A382FD9E50000975D51 /* Build configuration list for PBXProject "TermPilot" */ = {
			isa = XCConfigurationList;
			buildConfigurations = (
				1A203A5E2FD9E50200975D51 /* Debug */,
				1A203A5F2FD9E50200975D51 /* Release */,
			);
			defaultConfigurationIsVisible = 0;
			defaultConfigurationName = Release;
		};
		1A203A602FD9E50200975D51 /* Build configuration list for PBXNativeTarget "TermPilot" */ = {
			isa = XCConfigurationList;
			buildConfigurations = (
				1A203A612FD9E50200975D51 /* Debug */,
				1A203A622FD9E50200975D51 /* Release */,
			);
			defaultConfigurationIsVisible = 0;
			defaultConfigurationName = Release;
		};
		1A203A632FD9E50200975D51 /* Build configuration list for PBXNativeTarget "TermPilotTests" */ = {
			isa = XCConfigurationList;
			buildConfigurations = (
				1A203A642FD9E50200975D51 /* Debug */,
				1A203A652FD9E50200975D51 /* Release */,
			);
			defaultConfigurationIsVisible = 0;
			defaultConfigurationName = Release;
		};
		1A203A662FD9E50200975D51 /* Build configuration list for PBXNativeTarget "TermPilotUITests" */ = {
			isa = XCConfigurationList;
			buildConfigurations = (
				1A203A672FD9E50200975D51 /* Debug */,
				1A203A682FD9E50200975D51 /* Release */,
			);
			defaultConfigurationIsVisible = 0;
			defaultConfigurationName = Release;
		};
/* End XCConfigurationList section */

/* Begin XCRemoteSwiftPackageReference section */
		1A203A6B2FD9F00100975D51 /* XCRemoteSwiftPackageReference "SwiftTerm" */ = {
			isa = XCRemoteSwiftPackageReference;
			repositoryURL = "https://github.com/migueldeicaza/SwiftTerm";
			requirement = {
				kind = exactVersion;
				version = 1.11.2;
			};
		};
		1A203A6C2FD9F00100975D51 /* XCRemoteSwiftPackageReference "Citadel" */ = {
			isa = XCRemoteSwiftPackageReference;
			repositoryURL = "https://github.com/orlandos-nl/Citadel";
			requirement = {
				branch = main;
				kind = branch;
			};
		};
		60E8A539612749949F671CC6 /* XCRemoteSwiftPackageReference "firebase-ios-sdk" */ = {
			isa = XCRemoteSwiftPackageReference;
			repositoryURL = "https://github.com/firebase/firebase-ios-sdk";
			requirement = {
				kind = upToNextMajorVersion;
				minimumVersion = 12.14.0;
			};
		};
		AC696454C9384112AE3A092E /* XCRemoteSwiftPackageReference "GoogleSignIn-iOS" */ = {
			isa = XCRemoteSwiftPackageReference;
			repositoryURL = "https://github.com/google/GoogleSignIn-iOS";
			requirement = {
				kind = upToNextMajorVersion;
				minimumVersion = 9.0.0;
			};
		};
/* End XCRemoteSwiftPackageReference section */

/* Begin XCSwiftPackageProductDependency section */
		1A203A6D2FD9F00100975D51 /* SwiftTerm */ = {
			isa = XCSwiftPackageProductDependency;
			package = 1A203A6B2FD9F00100975D51 /* XCRemoteSwiftPackageReference "SwiftTerm" */;
			productName = SwiftTerm;
		};
		1A203A6E2FD9F00100975D51 /* Citadel */ = {
			isa = XCSwiftPackageProductDependency;
			package = 1A203A6C2FD9F00100975D51 /* XCRemoteSwiftPackageReference "Citadel" */;
			productName = Citadel;
		};
		A882FE6272B54AF5934CEC76 /* GoogleSignIn */ = {
			isa = XCSwiftPackageProductDependency;
			package = AC696454C9384112AE3A092E /* XCRemoteSwiftPackageReference "GoogleSignIn-iOS" */;
			productName = GoogleSignIn;
		};
		B732105E5D544D018E0BCBDD /* FirebaseFirestore */ = {
			isa = XCSwiftPackageProductDependency;
			package = 60E8A539612749949F671CC6 /* XCRemoteSwiftPackageReference "firebase-ios-sdk" */;
			productName = FirebaseFirestore;
		};
		CFD87B5002DD4B17856D2FC7 /* FirebaseCore */ = {
			isa = XCSwiftPackageProductDependency;
			package = 60E8A539612749949F671CC6 /* XCRemoteSwiftPackageReference "firebase-ios-sdk" */;
			productName = FirebaseCore;
		};
		D1EE1AA539C94735BE90C284 /* FirebaseAuth */ = {
			isa = XCSwiftPackageProductDependency;
			package = 60E8A539612749949F671CC6 /* XCRemoteSwiftPackageReference "firebase-ios-sdk" */;
			productName = FirebaseAuth;
		};
/* End XCSwiftPackageProductDependency section */
	};
	rootObject = 1A203A352FD9E50000975D51 /* Project object */;
}
